
Microsoft Visual Studio Solution File, Format Version 12.00
# Visual Studio Version 16
VisualStudioVersion = 16.0.28917.181
MinimumVisualStudioVersion = 10.0.40219.1
Project("{FAE04EC0-301F-11D3-BF4B-00C04F79EFBC}") = "eqViewer", "eqViewer\eqViewer.csproj", "{ACF3EE92-6ACA-41A5-8B24-149C8BD7D652}"
EndProject
Global
	GlobalSection(SolutionConfigurationPlatforms) = preSolution
		Debug|Any CPU = Debug|Any CPU
		Release|Any CPU = Release|Any CPU
	EndGlobalSection
	GlobalSection(ProjectConfigurationPlatforms) = postSolution
		{ACF3EE92-6ACA-41A5-8B24-149C8BD7D652}.Debug|Any CPU.ActiveCfg = Debug|Any CPU
		{ACF3EE92-6ACA-41A5-8B24-149C8BD7D652}.Debug|Any CPU.Build.0 = Debug|Any CPU
		{ACF3EE92-6ACA-41A5-8B24-149C8BD7D652}.Release|Any CPU.ActiveCfg = Release|Any CPU
		{ACF3EE92-6ACA-41A5-8B24-149C8BD7D652}.Release|Any CPU.Build.0 = Release|Any CPU
	EndGlobalSection
	GlobalSection(SolutionProperties) = preSolution
		HideSolutionNode = FALSE
	EndGlobalSection
	GlobalSection(ExtensibilityGlobals) = postSolution
		SolutionGuid = {8D958886-BB8B-4389-A79C-6EFF854C280C}
	EndGlobalSection
EndGlobal
